{
  "lockfileVersion": 1,
  "configVersion": 1,
  "workspaces": {
    "": {
      "name": "habitat",
      "dependencies": {
        "commander": "file:vendor/commander",
      },
      "devDependencies": {
        "typescript": "file:vendor/typescript",
      },
    },
  },
  "packages": {
    "commander": ["commander@file:vendor/commander", {}],

    "typescript": ["typescript@file:vendor/typescript", { "bin": { "tsc": "./bin/tsc", "tsserver": "./bin/tsserver" } }],
  }
}
